
Microsoft Visual Studio Solution File, Format Version 12.00
# Visual Studio Version 16
VisualStudioVersion = 16.0.30517.126
MinimumVisualStudioVersion = 10.0.40219.1
Project("{FAE04EC0-301F-11D3-BF4B-00C04F79EFBC}") = "MoodeAnalyseAndExceptional", "MoodeAnalyseAndExceptional.csproj", "{2D3526A4-5BE6-4BB0-B154-3E149DA56652}"
EndProject
Project("{FAE04EC0-301F-11D3-BF4B-00C04F79EFBC}") = "MoodAnalyseTest", "..\MoodAnalyseTest\MoodAnalyseTest.csproj", "{34FBA661-69F3-4CB2-A1EB-17FAC55BE682}"
EndProject
Global
	GlobalSection(SolutionConfigurationPlatforms) = preSolution
		Debug|Any CPU = Debug|Any CPU
		Release|Any CPU = Release|Any CPU
	EndGlobalSection
	GlobalSection(ProjectConfigurationPlatforms) = postSolution
		{2D3526A4-5BE6-4BB0-B154-3E149DA56652}.Debug|Any CPU.ActiveCfg = Debug|Any CPU
		{2D3526A4-5BE6-4BB0-B154-3E149DA56652}.Debug|Any CPU.Build.0 = Debug|Any CPU
		{2D3526A4-5BE6-4BB0-B154-3E149DA56652}.Release|Any CPU.ActiveCfg = Release|Any CPU
		{2D3526A4-5BE6-4BB0-B154-3E149DA56652}.Release|Any CPU.Build.0 = Release|Any CPU
		{34FBA661-69F3-4CB2-A1EB-17FAC55BE682}.Debug|Any CPU.ActiveCfg = Debug|Any CPU
		{34FBA661-69F3-4CB2-A1EB-17FAC55BE682}.Debug|Any CPU.Build.0 = Debug|Any CPU
		{34FBA661-69F3-4CB2-A1EB-17FAC55BE682}.Release|Any CPU.ActiveCfg = Release|Any CPU
		{34FBA661-69F3-4CB2-A1EB-17FAC55BE682}.Release|Any CPU.Build.0 = Release|Any CPU
	EndGlobalSection
	GlobalSection(SolutionProperties) = preSolution
		HideSolutionNode = FALSE
	EndGlobalSection
	GlobalSection(ExtensibilityGlobals) = postSolution
		SolutionGuid = {C0B15A0F-138B-4F68-B68A-10E75B35DBF5}
	EndGlobalSection
EndGlobal
